
Microsoft Visual Studio Solution File, Format Version 12.00
# Visual Studio Version 17
VisualStudioVersion = 17.11.35327.3
MinimumVisualStudioVersion = 10.0.40219.1
Project("{FAE04EC0-301F-11D3-BF4B-00C04F79EFBC}") = "Server", "Server\Server.csproj", "{01B1131F-1696-4109-BC92-141A24BA3B95}"
EndProject
Project("{FAE04EC0-301F-11D3-BF4B-00C04F79EFBC}") = "Client", "Client\Client.csproj", "{5BFDF7F1-C42F-4121-94FA-87EE1269EB06}"
EndProject
Project("{FAE04EC0-301F-11D3-BF4B-00C04F79EFBC}") = "Domain", "Domain\Domain.csproj", "{ED755BFA-A4D2-4775-BA8A-8EDDBBC2E49D}"
EndProject
Global
	GlobalSection(SolutionConfigurationPlatforms) = preSolution
		Debug|Any CPU = Debug|Any CPU
		Release|Any CPU = Release|Any CPU
	EndGlobalSection
	GlobalSection(ProjectConfigurationPlatforms) = postSolution
		{01B1131F-1696-4109-BC92-141A24BA3B95}.Debug|Any CPU.ActiveCfg = Debug|Any CPU
		{01B1131F-1696-4109-BC92-141A24BA3B95}.Debug|Any CPU.Build.0 = Debug|Any CPU
		{01B1131F-1696-4109-BC92-141A24BA3B95}.Release|Any CPU.ActiveCfg = Release|Any CPU
		{01B1131F-1696-4109-BC92-141A24BA3B95}.Release|Any CPU.Build.0 = Release|Any CPU
		{5BFDF7F1-C42F-4121-94FA-87EE1269EB06}.Debug|Any CPU.ActiveCfg = Debug|Any CPU
		{5BFDF7F1-C42F-4121-94FA-87EE1269EB06}.Debug|Any CPU.Build.0 = Debug|Any CPU
		{5BFDF7F1-C42F-4121-94FA-87EE1269EB06}.Release|Any CPU.ActiveCfg = Release|Any CPU
		{5BFDF7F1-C42F-4121-94FA-87EE1269EB06}.Release|Any CPU.Build.0 = Release|Any CPU
		{ED755BFA-A4D2-4775-BA8A-8EDDBBC2E49D}.Debug|Any CPU.ActiveCfg = Debug|Any CPU
		{ED755BFA-A4D2-4775-BA8A-8EDDBBC2E49D}.Debug|Any CPU.Build.0 = Debug|Any CPU
		{ED755BFA-A4D2-4775-BA8A-8EDDBBC2E49D}.Release|Any CPU.ActiveCfg = Release|Any CPU
		{ED755BFA-A4D2-4775-BA8A-8EDDBBC2E49D}.Release|Any CPU.Build.0 = Release|Any CPU
	EndGlobalSection
	GlobalSection(SolutionProperties) = preSolution
		HideSolutionNode = FALSE
	EndGlobalSection
	GlobalSection(ExtensibilityGlobals) = postSolution
		SolutionGuid = {AC25236D-D16B-4D6D-B740-6104F0C80F97}
	EndGlobalSection
EndGlobal
